
Microsoft Visual Studio Solution File, Format Version 12.00
# Visual Studio Version 17
VisualStudioVersion = 17.14.36414.22
MinimumVisualStudioVersion = 10.0.40219.1
Project("{2150E333-8FDC-42A3-9474-1A3956D46DE8}") = "Solution Items", "Solution Items", "{8EC462FD-D22E-90A8-E5CE-7E832BA40C5D}"
	ProjectSection(SolutionItems) = preProject
		.gitignore = .gitignore
		README.md = README.md
	EndProjectSection
EndProject
Project("{FAE04EC0-301F-11D3-BF4B-00C04F79EFBC}") = "sync", "sync\sync.csproj", "{FDA85F03-2B2B-35A0-9CE7-7708AC005F08}"
EndProject
Project("{FAE04EC0-301F-11D3-BF4B-00C04F79EFBC}") = "synclib", "synclib\synclib.csproj", "{C12B1C6B-13E5-01EA-DECF-8CBE0D965DA8}"
EndProject
Global
	GlobalSection(SolutionConfigurationPlatforms) = preSolution
		Debug|Any CPU = Debug|Any CPU
		Release|Any CPU = Release|Any CPU
	EndGlobalSection
	GlobalSection(ProjectConfigurationPlatforms) = postSolution
		{FDA85F03-2B2B-35A0-9CE7-7708AC005F08}.Debug|Any CPU.ActiveCfg = Debug|Any CPU
		{FDA85F03-2B2B-35A0-9CE7-7708AC005F08}.Debug|Any CPU.Build.0 = Debug|Any CPU
		{FDA85F03-2B2B-35A0-9CE7-7708AC005F08}.Release|Any CPU.ActiveCfg = Release|Any CPU
		{FDA85F03-2B2B-35A0-9CE7-7708AC005F08}.Release|Any CPU.Build.0 = Release|Any CPU
		{C12B1C6B-13E5-01EA-DECF-8CBE0D965DA8}.Debug|Any CPU.ActiveCfg = Debug|Any CPU
		{C12B1C6B-13E5-01EA-DECF-8CBE0D965DA8}.Debug|Any CPU.Build.0 = Debug|Any CPU
		{C12B1C6B-13E5-01EA-DECF-8CBE0D965DA8}.Release|Any CPU.ActiveCfg = Release|Any CPU
		{C12B1C6B-13E5-01EA-DECF-8CBE0D965DA8}.Release|Any CPU.Build.0 = Release|Any CPU
	EndGlobalSection
	GlobalSection(SolutionProperties) = preSolution
		HideSolutionNode = FALSE
	EndGlobalSection
	GlobalSection(ExtensibilityGlobals) = postSolution
		SolutionGuid = {54A7B7F9-4DC7-4B30-A46B-1FC9ACB3D65D}
	EndGlobalSection
EndGlobal
